
Microsoft Visual Studio Solution File, Format Version 12.00
# Visual Studio Version 16
VisualStudioVersion = 16.0.30011.22
MinimumVisualStudioVersion = 10.0.40219.1
Project("{FAE04EC0-301F-11D3-BF4B-00C04F79EFBC}") = "gluitweb", "gluitweb\gluitweb.csproj", "{DC814849-5B72-491E-A9F1-6073129BDB51}"
EndProject
Global
	GlobalSection(SolutionConfigurationPlatforms) = preSolution
		Debug|Any CPU = Debug|Any CPU
		Release|Any CPU = Release|Any CPU
	EndGlobalSection
	GlobalSection(ProjectConfigurationPlatforms) = postSolution
		{DC814849-5B72-491E-A9F1-6073129BDB51}.Debug|Any CPU.ActiveCfg = Debug|Any CPU
		{DC814849-5B72-491E-A9F1-6073129BDB51}.Debug|Any CPU.Build.0 = Debug|Any CPU
		{DC814849-5B72-491E-A9F1-6073129BDB51}.Release|Any CPU.ActiveCfg = Release|Any CPU
		{DC814849-5B72-491E-A9F1-6073129BDB51}.Release|Any CPU.Build.0 = Release|Any CPU
	EndGlobalSection
	GlobalSection(SolutionProperties) = preSolution
		HideSolutionNode = FALSE
	EndGlobalSection
	GlobalSection(ExtensibilityGlobals) = postSolution
		SolutionGuid = {A6ED253F-930C-4BAA-A178-4446949A8FEF}
	EndGlobalSection
EndGlobal
